{
  "name": "strip-json-comments-typings",
  "version": "1.0.0",
  "lockfileVersion": 1,
  "requires": true,
  "dependencies": {
    "@types/strip-json-comments": {
      "version": "0.0.28",
      "resolved": "https://registry.npmjs.org/@types/strip-json-comments/-/strip-json-comments-0.0.28.tgz",
      "integrity": "sha1-pEXYXWNhaXApTQeTJ1lwdPnKdwA="
    }
  }
}
